
Microsoft Visual Studio Solution File, Format Version 12.00
# Visual Studio Version 16
VisualStudioVersion = 16.0.30611.23
MinimumVisualStudioVersion = 10.0.40219.1
Project("{FAE04EC0-301F-11D3-BF4B-00C04F79EFBC}") = "ATMSystem", "ATMSystem\ATMSystem.csproj", "{FB256388-62E8-4691-A6C0-47487F28220E}"
EndProject
Global
	GlobalSection(SolutionConfigurationPlatforms) = preSolution
		Debug|Any CPU = Debug|Any CPU
		Release|Any CPU = Release|Any CPU
	EndGlobalSection
	GlobalSection(ProjectConfigurationPlatforms) = postSolution
		{FB256388-62E8-4691-A6C0-47487F28220E}.Debug|Any CPU.ActiveCfg = Debug|Any CPU
		{FB256388-62E8-4691-A6C0-47487F28220E}.Debug|Any CPU.Build.0 = Debug|Any CPU
		{FB256388-62E8-4691-A6C0-47487F28220E}.Release|Any CPU.ActiveCfg = Release|Any CPU
		{FB256388-62E8-4691-A6C0-47487F28220E}.Release|Any CPU.Build.0 = Release|Any CPU
	EndGlobalSection
	GlobalSection(SolutionProperties) = preSolution
		HideSolutionNode = FALSE
	EndGlobalSection
	GlobalSection(ExtensibilityGlobals) = postSolution
		SolutionGuid = {BDFE4036-597E-4C61-A0AB-BABA6D886CE1}
	EndGlobalSection
EndGlobal
